
Microsoft Visual Studio Solution File, Format Version 12.00
# Visual Studio Version 16
VisualStudioVersion = 16.0.32602.291
MinimumVisualStudioVersion = 10.0.40219.1
Project("{FAE04EC0-301F-11D3-BF4B-00C04F79EFBC}") = "ExploreCustomersAPI", "ExploreCustomersAPI.csproj", "{113989F5-1260-4799-81B8-E869CDDE51BC}"
EndProject
Project("{2150E333-8FDC-42A3-9474-1A3956D46DE8}") = "Solution Items", "Solution Items", "{2C2C4DEE-4728-47E4-932D-20ED444ABF37}"
	ProjectSection(SolutionItems) = preProject
		appsettings.json = appsettings.json
		Class1.cs = Class1.cs
		HTMLPage1.html = HTMLPage1.html
	EndProjectSection
EndProject
Global
	GlobalSection(SolutionConfigurationPlatforms) = preSolution
		Debug|Any CPU = Debug|Any CPU
		Release|Any CPU = Release|Any CPU
	EndGlobalSection
	GlobalSection(ProjectConfigurationPlatforms) = postSolution
		{113989F5-1260-4799-81B8-E869CDDE51BC}.Debug|Any CPU.ActiveCfg = Debug|Any CPU
		{113989F5-1260-4799-81B8-E869CDDE51BC}.Debug|Any CPU.Build.0 = Debug|Any CPU
		{113989F5-1260-4799-81B8-E869CDDE51BC}.Release|Any CPU.ActiveCfg = Release|Any CPU
		{113989F5-1260-4799-81B8-E869CDDE51BC}.Release|Any CPU.Build.0 = Release|Any CPU
	EndGlobalSection
	GlobalSection(SolutionProperties) = preSolution
		HideSolutionNode = FALSE
	EndGlobalSection
	GlobalSection(ExtensibilityGlobals) = postSolution
		SolutionGuid = {E4CFB5A5-D97E-40E6-B2A5-56040A8088F3}
	EndGlobalSection
EndGlobal
